
Microsoft Visual Studio Solution File, Format Version 12.00
# Visual Studio 14
VisualStudioVersion = 14.0.25420.1
MinimumVisualStudioVersion = 10.0.40219.1
Project("{FAE04EC0-301F-11D3-BF4B-00C04F79EFBC}") = "WpfSkin.Obsolete", "WPFSkin\WpfSkin.Obsolete.csproj", "{DE3A1FC9-D00D-4E0F-9346-15502342ED76}"
EndProject
Project("{FAE04EC0-301F-11D3-BF4B-00C04F79EFBC}") = "WpfValidationRule", "WPFValidationRule\WpfValidationRule.csproj", "{0332B1E1-BE6E-4CE7-BCC6-5045DE2AC223}"
EndProject
Project("{FAE04EC0-301F-11D3-BF4B-00C04F79EFBC}") = "WPFControls", "WPFControls\WPFControls.csproj", "{B34D1E0A-02B9-4512-A07F-0603AD29AD3A}"
EndProject
Project("{FAE04EC0-301F-11D3-BF4B-00C04F79EFBC}") = "WpfControlsTest", "WPFControlsTest\WpfControlsTest.csproj", "{5EB87028-2951-4869-80D0-1E80657966C3}"
EndProject
Project("{FAE04EC0-301F-11D3-BF4B-00C04F79EFBC}") = "WPFNavigationBaseOnMvvmlight", "WPFNavigationBaseOnMvvmlight\WPFNavigationBaseOnMvvmlight.csproj", "{409C3514-9F43-49EC-AE38-E45E1F890CD3}"
EndProject
Project("{FAE04EC0-301F-11D3-BF4B-00C04F79EFBC}") = "WPFStyle46", "WPFStyle46\WPFStyle46.csproj", "{FE4D5808-89B9-42A3-8B56-99C33573A935}"
EndProject
Project("{FAE04EC0-301F-11D3-BF4B-00C04F79EFBC}") = "WPFStyle46Test", "WPFStyle46Test\WPFStyle46Test.csproj", "{29BDDB39-F9E8-4575-931D-C1F307178DCE}"
EndProject
Project("{FAE04EC0-301F-11D3-BF4B-00C04F79EFBC}") = "BindableCSVTableTest", "BindableCSVTableTest\BindableCSVTableTest.csproj", "{B6C36EE3-F56A-4394-83DE-CEB205AA6262}"
EndProject
Global
	GlobalSection(SolutionConfigurationPlatforms) = preSolution
		Debug|Any CPU = Debug|Any CPU
		Release|Any CPU = Release|Any CPU
	EndGlobalSection
	GlobalSection(ProjectConfigurationPlatforms) = postSolution
		{DE3A1FC9-D00D-4E0F-9346-15502342ED76}.Debug|Any CPU.ActiveCfg = Debug|Any CPU
		{DE3A1FC9-D00D-4E0F-9346-15502342ED76}.Debug|Any CPU.Build.0 = Debug|Any CPU
		{DE3A1FC9-D00D-4E0F-9346-15502342ED76}.Release|Any CPU.ActiveCfg = Release|Any CPU
		{DE3A1FC9-D00D-4E0F-9346-15502342ED76}.Release|Any CPU.Build.0 = Release|Any CPU
		{0332B1E1-BE6E-4CE7-BCC6-5045DE2AC223}.Debug|Any CPU.ActiveCfg = Debug|Any CPU
		{0332B1E1-BE6E-4CE7-BCC6-5045DE2AC223}.Debug|Any CPU.Build.0 = Debug|Any CPU
		{0332B1E1-BE6E-4CE7-BCC6-5045DE2AC223}.Release|Any CPU.ActiveCfg = Release|Any CPU
		{0332B1E1-BE6E-4CE7-BCC6-5045DE2AC223}.Release|Any CPU.Build.0 = Release|Any CPU
		{B34D1E0A-02B9-4512-A07F-0603AD29AD3A}.Debug|Any CPU.ActiveCfg = Debug|Any CPU
		{B34D1E0A-02B9-4512-A07F-0603AD29AD3A}.Debug|Any CPU.Build.0 = Debug|Any CPU
		{B34D1E0A-02B9-4512-A07F-0603AD29AD3A}.Release|Any CPU.ActiveCfg = Release|Any CPU
		{B34D1E0A-02B9-4512-A07F-0603AD29AD3A}.Release|Any CPU.Build.0 = Release|Any CPU
		{5EB87028-2951-4869-80D0-1E80657966C3}.Debug|Any CPU.ActiveCfg = Debug|Any CPU
		{5EB87028-2951-4869-80D0-1E80657966C3}.Debug|Any CPU.Build.0 = Debug|Any CPU
		{5EB87028-2951-4869-80D0-1E80657966C3}.Release|Any CPU.ActiveCfg = Release|Any CPU
		{5EB87028-2951-4869-80D0-1E80657966C3}.Release|Any CPU.Build.0 = Release|Any CPU
		{409C3514-9F43-49EC-AE38-E45E1F890CD3}.Debug|Any CPU.ActiveCfg = Debug|Any CPU
		{409C3514-9F43-49EC-AE38-E45E1F890CD3}.Debug|Any CPU.Build.0 = Debug|Any CPU
		{409C3514-9F43-49EC-AE38-E45E1F890CD3}.Release|Any CPU.ActiveCfg = Release|Any CPU
		{409C3514-9F43-49EC-AE38-E45E1F890CD3}.Release|Any CPU.Build.0 = Release|Any CPU
		{FE4D5808-89B9-42A3-8B56-99C33573A935}.Debug|Any CPU.ActiveCfg = Debug|Any CPU
		{FE4D5808-89B9-42A3-8B56-99C33573A935}.Debug|Any CPU.Build.0 = Debug|Any CPU
		{FE4D5808-89B9-42A3-8B56-99C33573A935}.Release|Any CPU.ActiveCfg = Release|Any CPU
		{FE4D5808-89B9-42A3-8B56-99C33573A935}.Release|Any CPU.Build.0 = Release|Any CPU
		{29BDDB39-F9E8-4575-931D-C1F307178DCE}.Debug|Any CPU.ActiveCfg = Debug|Any CPU
		{29BDDB39-F9E8-4575-931D-C1F307178DCE}.Debug|Any CPU.Build.0 = Debug|Any CPU
		{29BDDB39-F9E8-4575-931D-C1F307178DCE}.Release|Any CPU.ActiveCfg = Release|Any CPU
		{29BDDB39-F9E8-4575-931D-C1F307178DCE}.Release|Any CPU.Build.0 = Release|Any CPU
		{B6C36EE3-F56A-4394-83DE-CEB205AA6262}.Debug|Any CPU.ActiveCfg = Debug|Any CPU
		{B6C36EE3-F56A-4394-83DE-CEB205AA6262}.Debug|Any CPU.Build.0 = Debug|Any CPU
		{B6C36EE3-F56A-4394-83DE-CEB205AA6262}.Release|Any CPU.ActiveCfg = Release|Any CPU
		{B6C36EE3-F56A-4394-83DE-CEB205AA6262}.Release|Any CPU.Build.0 = Release|Any CPU
	EndGlobalSection
	GlobalSection(SolutionProperties) = preSolution
		HideSolutionNode = FALSE
	EndGlobalSection
EndGlobal
