
Microsoft Visual Studio Solution File, Format Version 12.00
# Visual Studio 14
VisualStudioVersion = 14.0.24720.0
MinimumVisualStudioVersion = 10.0.40219.1
Project("{FAE04EC0-301F-11D3-BF4B-00C04F79EFBC}") = "WpfControls", "WpfControls\WpfControls.csproj", "{5EB87028-2951-4869-80D0-1E80657966C3}"
EndProject
Project("{FAE04EC0-301F-11D3-BF4B-00C04F79EFBC}") = "XSWPFControls", "XSWPFControls\XSWPFControls.csproj", "{CE0D3BBE-7EC0-44D1-BEF4-68DD66E2AC89}"
EndProject
Project("{FAE04EC0-301F-11D3-BF4B-00C04F79EFBC}") = "XS.WPFControls", "XS.WPFControls\XS.WPFControls.csproj", "{B34D1E0A-02B9-4512-A07F-0603AD29AD3A}"
EndProject
Global
	GlobalSection(SolutionConfigurationPlatforms) = preSolution
		Debug|Any CPU = Debug|Any CPU
		Release|Any CPU = Release|Any CPU
	EndGlobalSection
	GlobalSection(ProjectConfigurationPlatforms) = postSolution
		{5EB87028-2951-4869-80D0-1E80657966C3}.Debug|Any CPU.ActiveCfg = Debug|Any CPU
		{5EB87028-2951-4869-80D0-1E80657966C3}.Debug|Any CPU.Build.0 = Debug|Any CPU
		{5EB87028-2951-4869-80D0-1E80657966C3}.Release|Any CPU.ActiveCfg = Release|Any CPU
		{5EB87028-2951-4869-80D0-1E80657966C3}.Release|Any CPU.Build.0 = Release|Any CPU
		{CE0D3BBE-7EC0-44D1-BEF4-68DD66E2AC89}.Debug|Any CPU.ActiveCfg = Debug|Any CPU
		{CE0D3BBE-7EC0-44D1-BEF4-68DD66E2AC89}.Debug|Any CPU.Build.0 = Debug|Any CPU
		{CE0D3BBE-7EC0-44D1-BEF4-68DD66E2AC89}.Release|Any CPU.ActiveCfg = Release|Any CPU
		{CE0D3BBE-7EC0-44D1-BEF4-68DD66E2AC89}.Release|Any CPU.Build.0 = Release|Any CPU
		{B34D1E0A-02B9-4512-A07F-0603AD29AD3A}.Debug|Any CPU.ActiveCfg = Debug|Any CPU
		{B34D1E0A-02B9-4512-A07F-0603AD29AD3A}.Debug|Any CPU.Build.0 = Debug|Any CPU
		{B34D1E0A-02B9-4512-A07F-0603AD29AD3A}.Release|Any CPU.ActiveCfg = Release|Any CPU
		{B34D1E0A-02B9-4512-A07F-0603AD29AD3A}.Release|Any CPU.Build.0 = Release|Any CPU
	EndGlobalSection
	GlobalSection(SolutionProperties) = preSolution
		HideSolutionNode = FALSE
	EndGlobalSection
EndGlobal
